
Microsoft Visual Studio Solution File, Format Version 12.00
# Visual Studio 14
VisualStudioVersion = 14.0.24720.0
MinimumVisualStudioVersion = 10.0.40219.1
Project("{FAE04EC0-301F-11D3-BF4B-00C04F79EFBC}") = "sharepointConnect", "sharepointConnect\sharepointConnect.csproj", "{68176C68-70B4-461F-B8F7-2F2B4F80D253}"
EndProject
Global
	GlobalSection(SolutionConfigurationPlatforms) = preSolution
		Debug|Any CPU = Debug|Any CPU
		Release|Any CPU = Release|Any CPU
	EndGlobalSection
	GlobalSection(ProjectConfigurationPlatforms) = postSolution
		{68176C68-70B4-461F-B8F7-2F2B4F80D253}.Debug|Any CPU.ActiveCfg = Debug|Any CPU
		{68176C68-70B4-461F-B8F7-2F2B4F80D253}.Debug|Any CPU.Build.0 = Debug|Any CPU
		{68176C68-70B4-461F-B8F7-2F2B4F80D253}.Release|Any CPU.ActiveCfg = Release|Any CPU
		{68176C68-70B4-461F-B8F7-2F2B4F80D253}.Release|Any CPU.Build.0 = Release|Any CPU
	EndGlobalSection
	GlobalSection(SolutionProperties) = preSolution
		HideSolutionNode = FALSE
	EndGlobalSection
EndGlobal
